
Microsoft Visual Studio Solution File, Format Version 12.00
# Visual Studio 15
VisualStudioVersion = 15.0.33026.149
MinimumVisualStudioVersion = 10.0.40219.1
Project("{FAE04EC0-301F-11D3-BF4B-00C04F79EFBC}") = "CarRental", "CarRental\CarRental.csproj", "{B57C3C2E-0525-402D-AF41-1B7DD885C3A4}"
EndProject
Global
	GlobalSection(SolutionConfigurationPlatforms) = preSolution
		Debug|Any CPU = Debug|Any CPU
		Release|Any CPU = Release|Any CPU
	EndGlobalSection
	GlobalSection(ProjectConfigurationPlatforms) = postSolution
		{B57C3C2E-0525-402D-AF41-1B7DD885C3A4}.Debug|Any CPU.ActiveCfg = Debug|Any CPU
		{B57C3C2E-0525-402D-AF41-1B7DD885C3A4}.Debug|Any CPU.Build.0 = Debug|Any CPU
		{B57C3C2E-0525-402D-AF41-1B7DD885C3A4}.Release|Any CPU.ActiveCfg = Release|Any CPU
		{B57C3C2E-0525-402D-AF41-1B7DD885C3A4}.Release|Any CPU.Build.0 = Release|Any CPU
	EndGlobalSection
	GlobalSection(SolutionProperties) = preSolution
		HideSolutionNode = FALSE
	EndGlobalSection
	GlobalSection(ExtensibilityGlobals) = postSolution
		SolutionGuid = {74EAC528-671B-4A42-A6D5-ED45E8CF2430}
	EndGlobalSection
EndGlobal
